{
  "name": "cb-custom-color",
  "version": "1.0.0",
  "lockfileVersion": 1,
  "requires": true,
  "dependencies": {
    "hex-to-rgba": {
      "version": "2.0.1",
      "resolved": "https://registry.npmjs.org/hex-to-rgba/-/hex-to-rgba-2.0.1.tgz",
      "integrity": "sha512-5XqPJBpsEUMsseJUi2w2Hl7cHFFi3+OO10M2pzAvKB1zL6fc+koGMhmBqoDOCB4GemiRM/zvDMRIhVw6EkB8dQ=="
    },
    "rgb2hex": {
      "version": "0.2.0",
      "resolved": "https://registry.npmjs.org/rgb2hex/-/rgb2hex-0.2.0.tgz",
      "integrity": "sha512-cHdNTwmTMPu/TpP1bJfdApd6MbD+Kzi4GNnM6h35mdFChhQPSi9cAI8J7DMn5kQDKX8NuBaQXAyo360Oa7tOEA=="
    }
  }
}
